
Microsoft Visual Studio Solution File, Format Version 12.00
# Visual Studio Version 17
VisualStudioVersion = 17.0.32112.339
MinimumVisualStudioVersion = 10.0.40219.1
Project("{FAE04EC0-301F-11D3-BF4B-00C04F79EFBC}") = "dotnetsigrclient", "dotnetsigrclient\dotnetsigrclient.csproj", "{28164500-D98E-402C-AD2B-97B32BE0735B}"
EndProject
Global
	GlobalSection(SolutionConfigurationPlatforms) = preSolution
		Debug|Any CPU = Debug|Any CPU
		Release|Any CPU = Release|Any CPU
	EndGlobalSection
	GlobalSection(ProjectConfigurationPlatforms) = postSolution
		{28164500-D98E-402C-AD2B-97B32BE0735B}.Debug|Any CPU.ActiveCfg = Debug|Any CPU
		{28164500-D98E-402C-AD2B-97B32BE0735B}.Debug|Any CPU.Build.0 = Debug|Any CPU
		{28164500-D98E-402C-AD2B-97B32BE0735B}.Release|Any CPU.ActiveCfg = Release|Any CPU
		{28164500-D98E-402C-AD2B-97B32BE0735B}.Release|Any CPU.Build.0 = Release|Any CPU
	EndGlobalSection
	GlobalSection(SolutionProperties) = preSolution
		HideSolutionNode = FALSE
	EndGlobalSection
	GlobalSection(ExtensibilityGlobals) = postSolution
		SolutionGuid = {87326E82-FD85-4A60-A2BD-C7514DCA1C7F}
	EndGlobalSection
EndGlobal
